version = 1
revision = 3
requires-python = ">=3.14"

[options]
prerelease-mode = "disallow"

[manifest]
requirements = [
    { name = "click", specifier = ">=8.3.1,<8.4" },
    { name = "dycw-utilities", specifier = ">=0.175.38,<0.176" },
    { name = "pyright", specifier = ">=1.1.407" },
    { name = "pytest-xdist", specifier = ">=3.8.0" },
    { name = "rich", specifier = ">=14.2.0,<14.3" },
    { name = "typed-settings", extras = ["attrs", "click"], specifier = ">=25.3.0,<25.4" },
]

[[package]]
name = "atomicwrites"
version = "1.4.1"
source = { registry = "https://pypi.org/simple" }
sdist = { url = "https://files.pythonhosted.org/packages/87/c6/53da25344e3e3a9c01095a89f16dbcda021c609ddb42dd6d7c0528236fb2/atomicwrites-1.4.1.tar.gz", hash = "sha256:81b2c9071a49367a7f770170e5eec8cb66567cfbbc8c73d20ce5ca4a8d71cf11", size = 14227, upload-time = "2022-07-08T18:31:40.459Z" }

[[package]]
name = "attrs"
version = "25.4.0"
source = { registry = "https://pypi.org/simple" }
sdist = { url = "https://files.pythonhosted.org/packages/6b/5c/685e6633917e101e5dcb62b9dd76946cbb57c26e133bae9e0cd36033c0a9/attrs-25.4.0.tar.gz", hash = "sha256:16d5969b87f0859ef33a48b35d55ac1be6e42ae49d5e853b597db70c35c57e11", size = 934251, upload-time = "2025-10-06T13:54:44.725Z" }
wheels = [
    { url = "https://files.pythonhosted.org/packages/3a/2a/7cc015f5b9f5db42b7d48157e23356022889fc354a2813c15934b7cb5c0e/attrs-25.4.0-py3-none-any.whl", hash = "sha256:adcf7e2a1fb3b36ac48d97835bb6d8ade15b8dcce26aba8bf1d14847b57a3373", size = 67615, upload-time = "2025-10-06T13:54:43.17Z" },
]

[[package]]
name = "click"
version = "8.3.1"
source = { registry = "https://pypi.org/simple" }
dependencies = [
    { name = "colorama", marker = "sys_platform == 'win32'" },
]
sdist = { url = "https://files.pythonhosted.org/packages/3d/fa/656b739db8587d7b5dfa22e22ed02566950fbfbcdc20311993483657a5c0/click-8.3.1.tar.gz", hash = "sha256:12ff4785d337a1bb490bb7e9c2b1ee5da3112e94a8622f26a6c77f5d2fc6842a", size = 295065, upload-time = "2025-11-15T20:45:42.706Z" }
wheels = [
    { url = "https://files.pythonhosted.org/packages/98/78/01c019cdb5d6498122777c1a43056ebb3ebfeef2076d9d026bfe15583b2b/click-8.3.1-py3-none-any.whl", hash = "sha256:981153a64e25f12d547d3426c367a4857371575ee7ad18df2a6183ab0545b2a6", size = 108274, upload-time = "2025-11-15T20:45:41.139Z" },
]

[[package]]
name = "colorama"
version = "0.4.6"
source = { registry = "https://pypi.org/simple" }
sdist = { url = "https://files.pythonhosted.org/packages/d8/53/6f443c9a4a8358a93a6792e2acffb9d9d5cb0a5cfd8802644b7b1c9a02e4/colorama-0.4.6.tar.gz", hash = "sha256:08695f5cb7ed6e0531a20572697297273c47b8cae5a63ffc6d6ed5c201be6e44", size = 27697, upload-time = "2022-10-25T02:36:22.414Z" }
wheels = [
    { url = "https://files.pythonhosted.org/packages/d1/d6/3965ed04c63042e047cb6a3e6ed1a63a35087b6a609aa3a15ed8ac56c221/colorama-0.4.6-py2.py3-none-any.whl", hash = "sha256:4f1d9991f5acc0ca119f9d443620b77f9d6b33703e51011c16baf57afb285fc6", size = 25335, upload-time = "2022-10-25T02:36:20.889Z" },
]

[[package]]
name = "dycw-utilities"
version = "0.175.38"
source = { registry = "https://pypi.org/simple" }
dependencies = [
    { name = "atomicwrites" },
    { name = "typing-extensions" },
    { name = "tzlocal" },
    { name = "whenever" },
]
wheels = [
    { url = "https://files.pythonhosted.org/packages/b4/a9/56a536e32392eb42d33ae3e48085072c47276304356b57809adc772a714b/dycw_utilities-0.175.38-py3-none-any.whl", hash = "sha256:8ce1ae95f8ee62d3ab5db8f38ae39b953cb1e81e0b984a456b81e6ee2890879b", size = 205397, upload-time = "2026-01-02T23:54:51.429Z" },
]

[[package]]
name = "execnet"
version = "2.1.2"
source = { registry = "https://pypi.org/simple" }
sdist = { url = "https://files.pythonhosted.org/packages/bf/89/780e11f9588d9e7128a3f87788354c7946a9cbb1401ad38a48c4db9a4f07/execnet-2.1.2.tar.gz", hash = "sha256:63d83bfdd9a23e35b9c6a3261412324f964c2ec8dcd8d3c6916ee9373e0befcd", size = 166622, upload-time = "2025-11-12T09:56:37.75Z" }
wheels = [
    { url = "https://files.pythonhosted.org/packages/ab/84/02fc1827e8cdded4aa65baef11296a9bbe595c474f0d6d758af082d849fd/execnet-2.1.2-py3-none-any.whl", hash = "sha256:67fba928dd5a544b783f6056f449e5e3931a5c378b128bc18501f7ea79e296ec", size = 40708, upload-time = "2025-11-12T09:56:36.333Z" },
]

[[package]]
name = "iniconfig"
version = "2.3.0"
source = { registry = "https://pypi.org/simple" }
sdist = { url = "https://files.pythonhosted.org/packages/72/34/14ca021ce8e5dfedc35312d08ba8bf51fdd999c576889fc2c24cb97f4f10/iniconfig-2.3.0.tar.gz", hash = "sha256:c76315c77db068650d49c5b56314774a7804df16fee4402c1f19d6d15d8c4730", size = 20503, upload-time = "2025-10-18T21:55:43.219Z" }
wheels = [
    { url = "https://files.pythonhosted.org/packages/cb/b1/3846dd7f199d53cb17f49cba7e651e9ce294d8497c8c150530ed11865bb8/iniconfig-2.3.0-py3-none-any.whl", hash = "sha256:f631c04d2c48c52b84d0d0549c99ff3859c98df65b3101406327ecc7d53fbf12", size = 7484, upload-time = "2025-10-18T21:55:41.639Z" },
]

[[package]]
name = "markdown-it-py"
version = "4.0.0"
source = { registry = "https://pypi.org/simple" }
dependencies = [
    { name = "mdurl" },
]
sdist = { url = "https://files.pythonhosted.org/packages/5b/f5/4ec618ed16cc4f8fb3b701563655a69816155e79e24a17b651541804721d/markdown_it_py-4.0.0.tar.gz", hash = "sha256:cb0a2b4aa34f932c007117b194e945bd74e0ec24133ceb5bac59009cda1cb9f3", size = 73070, upload-time = "2025-08-11T12:57:52.854Z" }
wheels = [
    { url = "https://files.pythonhosted.org/packages/94/54/e7d793b573f298e1c9013b8c4dade17d481164aa517d1d7148619c2cedbf/markdown_it_py-4.0.0-py3-none-any.whl", hash = "sha256:87327c59b172c5011896038353a81343b6754500a08cd7a4973bb48c6d578147", size = 87321, upload-time = "2025-08-11T12:57:51.923Z" },
]

[[package]]
name = "mdurl"
version = "0.1.2"
source = { registry = "https://pypi.org/simple" }
sdist = { url = "https://files.pythonhosted.org/packages/d6/54/cfe61301667036ec958cb99bd3efefba235e65cdeb9c84d24a8293ba1d90/mdurl-0.1.2.tar.gz", hash = "sha256:bb413d29f5eea38f31dd4754dd7377d4465116fb207585f97bf925588687c1ba", size = 8729, upload-time = "2022-08-14T12:40:10.846Z" }
wheels = [
    { url = "https://files.pythonhosted.org/packages/b3/38/89ba8ad64ae25be8de66a6d463314cf1eb366222074cfda9ee839c56a4b4/mdurl-0.1.2-py3-none-any.whl", hash = "sha256:84008a41e51615a49fc9966191ff91509e3c40b939176e643fd50a5c2196b8f8", size = 9979, upload-time = "2022-08-14T12:40:09.779Z" },
]

[[package]]
name = "nodeenv"
version = "1.10.0"
source = { registry = "https://pypi.org/simple" }
sdist = { url = "https://files.pythonhosted.org/packages/24/bf/d1bda4f6168e0b2e9e5958945e01910052158313224ada5ce1fb2e1113b8/nodeenv-1.10.0.tar.gz", hash = "sha256:996c191ad80897d076bdfba80a41994c2b47c68e224c542b48feba42ba00f8bb", size = 55611, upload-time = "2025-12-20T14:08:54.006Z" }
wheels = [
    { url = "https://files.pythonhosted.org/packages/88/b2/d0896bdcdc8d28a7fc5717c305f1a861c26e18c05047949fb371034d98bd/nodeenv-1.10.0-py2.py3-none-any.whl", hash = "sha256:5bb13e3eed2923615535339b3c620e76779af4cb4c6a90deccc9e36b274d3827", size = 23438, upload-time = "2025-12-20T14:08:52.782Z" },
]

[[package]]
name = "packaging"
version = "25.0"
source = { registry = "https://pypi.org/simple" }
sdist = { url = "https://files.pythonhosted.org/packages/a1/d4/1fc4078c65507b51b96ca8f8c3ba19e6a61c8253c72794544580a7b6c24d/packaging-25.0.tar.gz", hash = "sha256:d443872c98d677bf60f6a1f2f8c1cb748e8fe762d2bf9d3148b5599295b0fc4f", size = 165727, upload-time = "2025-04-19T11:48:59.673Z" }
wheels = [
    { url = "https://files.pythonhosted.org/packages/20/12/38679034af332785aac8774540895e234f4d07f7545804097de4b666afd8/packaging-25.0-py3-none-any.whl", hash = "sha256:29572ef2b1f17581046b3a2227d5c611fb25ec70ca1ba8554b24b0e69331a484", size = 66469, upload-time = "2025-04-19T11:48:57.875Z" },
]

[[package]]
name = "pluggy"
version = "1.6.0"
source = { registry = "https://pypi.org/simple" }
sdist = { url = "https://files.pythonhosted.org/packages/f9/e2/3e91f31a7d2b083fe6ef3fa267035b518369d9511ffab804f839851d2779/pluggy-1.6.0.tar.gz", hash = "sha256:7dcc130b76258d33b90f61b658791dede3486c3e6bfb003ee5c9bfb396dd22f3", size = 69412, upload-time = "2025-05-15T12:30:07.975Z" }
wheels = [
    { url = "https://files.pythonhosted.org/packages/54/20/4d324d65cc6d9205fabedc306948156824eb9f0ee1633355a8f7ec5c66bf/pluggy-1.6.0-py3-none-any.whl", hash = "sha256:e920276dd6813095e9377c0bc5566d94c932c33b27a3e3945d8389c374dd4746", size = 20538, upload-time = "2025-05-15T12:30:06.134Z" },
]

[[package]]
name = "pygments"
version = "2.19.2"
source = { registry = "https://pypi.org/simple" }
sdist = { url = "https://files.pythonhosted.org/packages/b0/77/a5b8c569bf593b0140bde72ea885a803b82086995367bf2037de0159d924/pygments-2.19.2.tar.gz", hash = "sha256:636cb2477cec7f8952536970bc533bc43743542f70392ae026374600add5b887", size = 4968631, upload-time = "2025-06-21T13:39:12.283Z" }
wheels = [
    { url = "https://files.pythonhosted.org/packages/c7/21/705964c7812476f378728bdf590ca4b771ec72385c533964653c68e86bdc/pygments-2.19.2-py3-none-any.whl", hash = "sha256:86540386c03d588bb81d44bc3928634ff26449851e99741617ecb9037ee5ec0b", size = 1225217, upload-time = "2025-06-21T13:39:07.939Z" },
]

[[package]]
name = "pyright"
version = "1.1.408"
source = { registry = "https://pypi.org/simple" }
dependencies = [
    { name = "nodeenv" },
    { name = "typing-extensions" },
]
sdist = { url = "https://files.pythonhosted.org/packages/74/b2/5db700e52554b8f025faa9c3c624c59f1f6c8841ba81ab97641b54322f16/pyright-1.1.408.tar.gz", hash = "sha256:f28f2321f96852fa50b5829ea492f6adb0e6954568d1caa3f3af3a5f555eb684", size = 4400578, upload-time = "2026-01-08T08:07:38.795Z" }
wheels = [
    { url = "https://files.pythonhosted.org/packages/0c/82/a2c93e32800940d9573fb28c346772a14778b84ba7524e691b324620ab89/pyright-1.1.408-py3-none-any.whl", hash = "sha256:090b32865f4fdb1e0e6cd82bf5618480d48eecd2eb2e70f960982a3d9a4c17c1", size = 6399144, upload-time = "2026-01-08T08:07:37.082Z" },
]

[[package]]
name = "pytest"
version = "9.0.2"
source = { registry = "https://pypi.org/simple" }
dependencies = [
    { name = "colorama", marker = "sys_platform == 'win32'" },
    { name = "iniconfig" },
    { name = "packaging" },
    { name = "pluggy" },
    { name = "pygments" },
]
sdist = { url = "https://files.pythonhosted.org/packages/d1/db/7ef3487e0fb0049ddb5ce41d3a49c235bf9ad299b6a25d5780a89f19230f/pytest-9.0.2.tar.gz", hash = "sha256:75186651a92bd89611d1d9fc20f0b4345fd827c41ccd5c299a868a05d70edf11", size = 1568901, upload-time = "2025-12-06T21:30:51.014Z" }
wheels = [
    { url = "https://files.pythonhosted.org/packages/3b/ab/b3226f0bd7cdcf710fbede2b3548584366da3b19b5021e74f5bde2a8fa3f/pytest-9.0.2-py3-none-any.whl", hash = "sha256:711ffd45bf766d5264d487b917733b453d917afd2b0ad65223959f59089f875b", size = 374801, upload-time = "2025-12-06T21:30:49.154Z" },
]

[[package]]
name = "pytest-xdist"
version = "3.8.0"
source = { registry = "https://pypi.org/simple" }
dependencies = [
    { name = "execnet" },
    { name = "pytest" },
]
sdist = { url = "https://files.pythonhosted.org/packages/78/b4/439b179d1ff526791eb921115fca8e44e596a13efeda518b9d845a619450/pytest_xdist-3.8.0.tar.gz", hash = "sha256:7e578125ec9bc6050861aa93f2d59f1d8d085595d6551c2c90b6f4fad8d3a9f1", size = 88069, upload-time = "2025-07-01T13:30:59.346Z" }
wheels = [
    { url = "https://files.pythonhosted.org/packages/ca/31/d4e37e9e550c2b92a9cbc2e4d0b7420a27224968580b5a447f420847c975/pytest_xdist-3.8.0-py3-none-any.whl", hash = "sha256:202ca578cfeb7370784a8c33d6d05bc6e13b4f25b5053c30a152269fd10f0b88", size = 46396, upload-time = "2025-07-01T13:30:56.632Z" },
]

[[package]]
name = "rich"
version = "14.2.0"
source = { registry = "https://pypi.org/simple" }
dependencies = [
    { name = "markdown-it-py" },
    { name = "pygments" },
]
sdist = { url = "https://files.pythonhosted.org/packages/fb/d2/8920e102050a0de7bfabeb4c4614a49248cf8d5d7a8d01885fbb24dc767a/rich-14.2.0.tar.gz", hash = "sha256:73ff50c7c0c1c77c8243079283f4edb376f0f6442433aecb8ce7e6d0b92d1fe4", size = 219990, upload-time = "2025-10-09T14:16:53.064Z" }
wheels = [
    { url = "https://files.pythonhosted.org/packages/25/7a/b0178788f8dc6cafce37a212c99565fa1fe7872c70c6c9c1e1a372d9d88f/rich-14.2.0-py3-none-any.whl", hash = "sha256:76bc51fe2e57d2b1be1f96c524b890b816e334ab4c1e45888799bfaab0021edd", size = 243393, upload-time = "2025-10-09T14:16:51.245Z" },
]

[[package]]
name = "typed-settings"
version = "25.3.0"
source = { registry = "https://pypi.org/simple" }
sdist = { url = "https://files.pythonhosted.org/packages/30/19/a8155d9f411ed7cb4a5f510a6c37ac09ea6065542c597c23d0a88ec2fbed/typed_settings-25.3.0.tar.gz", hash = "sha256:865eb52c3184f467705645a1e58db9d719e08b9d7957448a2ad8cbbc22ed21a6", size = 3492969, upload-time = "2025-11-29T22:10:25.768Z" }
wheels = [
    { url = "https://files.pythonhosted.org/packages/8b/9e/d01ef2bed8e995bbdeeb5307a571729a10545de4a6f8f06d9175fc7a1978/typed_settings-25.3.0-py3-none-any.whl", hash = "sha256:8fe578c84ae2e44f6e8bdde256d2449fbff45f47dca3c4092aeee03900efc12c", size = 63962, upload-time = "2025-11-29T22:10:23.77Z" },
]

[package.optional-dependencies]
attrs = [
    { name = "attrs" },
]
click = [
    { name = "click" },
]

[[package]]
name = "typing-extensions"
version = "4.15.0"
source = { registry = "https://pypi.org/simple" }
sdist = { url = "https://files.pythonhosted.org/packages/72/94/1a15dd82efb362ac84269196e94cf00f187f7ed21c242792a923cdb1c61f/typing_extensions-4.15.0.tar.gz", hash = "sha256:0cea48d173cc12fa28ecabc3b837ea3cf6f38c6d1136f85cbaaf598984861466", size = 109391, upload-time = "2025-08-25T13:49:26.313Z" }
wheels = [
    { url = "https://files.pythonhosted.org/packages/18/67/36e9267722cc04a6b9f15c7f3441c2363321a3ea07da7ae0c0707beb2a9c/typing_extensions-4.15.0-py3-none-any.whl", hash = "sha256:f0fa19c6845758ab08074a0cfa8b7aecb71c999ca73d62883bc25cc018c4e548", size = 44614, upload-time = "2025-08-25T13:49:24.86Z" },
]

[[package]]
name = "tzdata"
version = "2025.3"
source = { registry = "https://pypi.org/simple" }
sdist = { url = "https://files.pythonhosted.org/packages/5e/a7/c202b344c5ca7daf398f3b8a477eeb205cf3b6f32e7ec3a6bac0629ca975/tzdata-2025.3.tar.gz", hash = "sha256:de39c2ca5dc7b0344f2eba86f49d614019d29f060fc4ebc8a417896a620b56a7", size = 196772, upload-time = "2025-12-13T17:45:35.667Z" }
wheels = [
    { url = "https://files.pythonhosted.org/packages/c7/b0/003792df09decd6849a5e39c28b513c06e84436a54440380862b5aeff25d/tzdata-2025.3-py2.py3-none-any.whl", hash = "sha256:06a47e5700f3081aab02b2e513160914ff0694bce9947d6b76ebd6bf57cfc5d1", size = 348521, upload-time = "2025-12-13T17:45:33.889Z" },
]

[[package]]
name = "tzlocal"
version = "5.3.1"
source = { registry = "https://pypi.org/simple" }
dependencies = [
    { name = "tzdata", marker = "sys_platform == 'win32'" },
]
sdist = { url = "https://files.pythonhosted.org/packages/8b/2e/c14812d3d4d9cd1773c6be938f89e5735a1f11a9f184ac3639b93cef35d5/tzlocal-5.3.1.tar.gz", hash = "sha256:cceffc7edecefea1f595541dbd6e990cb1ea3d19bf01b2809f362a03dd7921fd", size = 30761, upload-time = "2025-03-05T21:17:41.549Z" }
wheels = [
    { url = "https://files.pythonhosted.org/packages/c2/14/e2a54fabd4f08cd7af1c07030603c3356b74da07f7cc056e600436edfa17/tzlocal-5.3.1-py3-none-any.whl", hash = "sha256:eb1a66c3ef5847adf7a834f1be0800581b683b5608e74f86ecbcef8ab91bb85d", size = 18026, upload-time = "2025-03-05T21:17:39.857Z" },
]

[[package]]
name = "whenever"
version = "0.9.4"
source = { registry = "https://pypi.org/simple" }
dependencies = [
    { name = "tzdata", marker = "sys_platform == 'win32'" },
    { name = "tzlocal", marker = "sys_platform != 'darwin' and sys_platform != 'linux'" },
]
sdist = { url = "https://files.pythonhosted.org/packages/11/5b/7fa1578e6bba4732d2d02275cb438c2d64ca04660e326cb7018cfd4a3af2/whenever-0.9.4.tar.gz", hash = "sha256:d04104cba52253374c47c42fa84f66fe17d454559a374999200bc1b3dbb34b10", size = 259324, upload-time = "2025-12-18T20:46:42.132Z" }
wheels = [
    { url = "https://files.pythonhosted.org/packages/3a/46/63d105d9fec2e859fd7712b00fd339c4a71254efa2f59f13716cb4a9b2e9/whenever-0.9.4-cp314-cp314-macosx_10_12_x86_64.whl", hash = "sha256:c02937d48f49699bb0c1011930215933a06022a8de6a038a70e3d9903062cf1b", size = 467017, upload-time = "2025-12-18T20:46:18.94Z" },
    { url = "https://files.pythonhosted.org/packages/c7/bf/b74ac11c89db9728e822d7a21c588615313f47d864a8b119f0e357d2487b/whenever-0.9.4-cp314-cp314-macosx_11_0_arm64.whl", hash = "sha256:39f111eeb80def72f73b6724d44538dcaa9158bc7fd69c3d7ebc910353485e5e", size = 444664, upload-time = "2025-12-18T20:46:07.546Z" },
    { url = "https://files.pythonhosted.org/packages/17/35/413e29b347198b6924fc32ef0a176f042af6d5b08523dce79886fcaa66d6/whenever-0.9.4-cp314-cp314-manylinux_2_17_aarch64.manylinux2014_aarch64.whl", hash = "sha256:15316db8703f0131bbc32ad05564c48d3975a8826584fe2104d6581478d2e93b", size = 461951, upload-time = "2025-12-18T20:44:11.205Z" },
    { url = "https://files.pythonhosted.org/packages/09/80/3b13d564b3be20ccb66886a23b70da3e83cc1553dfd679b7e61447b95130/whenever-0.9.4-cp314-cp314-manylinux_2_17_armv7l.manylinux2014_armv7l.whl", hash = "sha256:d467e869f0387f6304525ebca272b7c67a41d835ebe992eb723e337df51091c1", size = 506790, upload-time = "2025-12-18T20:44:32.895Z" },
    { url = "https://files.pythonhosted.org/packages/65/a0/66632f9db682dfa00ee754d693c6dc11ed516d53488b0d769e8830b3f7cf/whenever-0.9.4-cp314-cp314-manylinux_2_17_ppc64le.manylinux2014_ppc64le.whl", hash = "sha256:94aede0f685454f91448ec16307eda4e7b0f55f6c1dddc9bfc013de0e19575d5", size = 498040, upload-time = "2025-12-18T20:44:54.892Z" },
    { url = "https://files.pythonhosted.org/packages/e2/3e/73f6668c79fdfe96893eea751a749cccae1d69eb58b03194ad1d43e8e602/whenever-0.9.4-cp314-cp314-manylinux_2_17_s390x.manylinux2014_s390x.whl", hash = "sha256:4d184a0006202c0fa5476c74bb65e24a95da3694b365947901742cc5f42ce38a", size = 529284, upload-time = "2025-12-18T20:45:07.123Z" },
    { url = "https://files.pythonhosted.org/packages/51/66/602b172589b368904f75d7f2c8adab5d2e1b1c934536ed60bd7a2fb1b71d/whenever-0.9.4-cp314-cp314-manylinux_2_17_x86_64.manylinux2014_x86_64.whl", hash = "sha256:83a86861a3107de6547717c0ed802c66c783f963de6e95f137b39a4449b0521c", size = 490778, upload-time = "2025-12-18T20:45:43.928Z" },
    { url = "https://files.pythonhosted.org/packages/b5/db/c570d7770d4f0e5ef8e98054b263956de79cf3ea8e15695322b16e6ece76/whenever-0.9.4-cp314-cp314-manylinux_2_5_i686.manylinux1_i686.whl", hash = "sha256:c7d90eee4140cc216115e0526ff598d72c3930f571bedb52710c9073e101f602", size = 529688, upload-time = "2025-12-18T20:45:18.244Z" },
    { url = "https://files.pythonhosted.org/packages/23/7b/c70549db0dc550791e1803ba6e44cf14b5f02f32e0c01abd2a1a7f22756d/whenever-0.9.4-cp314-cp314-musllinux_1_2_aarch64.whl", hash = "sha256:6e0bb39950e7af76f20a91624409b869abe20632b0a8e9ec468dad932dec1d1d", size = 641517, upload-time = "2025-12-18T20:44:22.099Z" },
    { url = "https://files.pythonhosted.org/packages/1e/ed/90106e8aaeb3ead1f769bc3b54ed4012ce85f729e023d5cee5a73e4690e6/whenever-0.9.4-cp314-cp314-musllinux_1_2_armv7l.whl", hash = "sha256:1508441442b77c723d7c4212314ea451fb085f6f3908807dfa13811af90c1b2e", size = 777669, upload-time = "2025-12-18T20:44:44.089Z" },
    { url = "https://files.pythonhosted.org/packages/ca/11/0ddd49db6d01528f4255df539c913595b74e350929353019ad360ac95ceb/whenever-0.9.4-cp314-cp314-musllinux_1_2_i686.whl", hash = "sha256:a9fa16db92b55e14e77c0d277a94009100e453eb800dcf0bb2d4a3e97ec15103", size = 741471, upload-time = "2025-12-18T20:45:31.222Z" },
    { url = "https://files.pythonhosted.org/packages/9f/bf/4bec2004a032040da0cb9e37b2789ea7949e4391f878ff653edf8d3f2048/whenever-0.9.4-cp314-cp314-musllinux_1_2_x86_64.whl", hash = "sha256:171f228b19b00388da7e52d9c929de5a6d5151129f8ed3c60702e55239740ea1", size = 700984, upload-time = "2025-12-18T20:45:54.657Z" },
    { url = "https://files.pythonhosted.org/packages/82/81/46da062c6937b532f40398914dda84bdb53986deb87a375e376cfb188bee/whenever-0.9.4-cp314-cp314-win32.whl", hash = "sha256:58997986869597e5460003345462a80daf8df788e25a782ac105bf8551b5135b", size = 418944, upload-time = "2026-01-11T11:31:11.873Z" },
    { url = "https://files.pythonhosted.org/packages/85/c8/8d6868d0bff6c6ba5709ca02a47685a9e808ec20b2194c814c632de12f72/whenever-0.9.4-cp314-cp314-win_amd64.whl", hash = "sha256:a452a232cccfc85a3ce3bdb0ba6eee958111b8c55dfc8705b6324138b513726c", size = 442118, upload-time = "2026-01-11T11:31:14.642Z" },
    { url = "https://files.pythonhosted.org/packages/ca/7d/9e529a1b4a770845ad8b249e15806281639bf9bac3ccd9b56b33b5283cf5/whenever-0.9.4-cp314-cp314t-macosx_10_12_x86_64.whl", hash = "sha256:2c38baa6eefee66ba0bdccc831e9f4533a64086b5c64b08669ea814e3e796b7a", size = 466810, upload-time = "2025-12-18T20:46:20.34Z" },
    { url = "https://files.pythonhosted.org/packages/e9/96/8a0500ac957e236bd653d731fb955924f1e87398ef0cf99914aedcbc7dee/whenever-0.9.4-cp314-cp314t-macosx_11_0_arm64.whl", hash = "sha256:15ef457760a46bc22f1db827eb98971f84a150e3fdcc5cc9ac92aaa5925e231f", size = 443212, upload-time = "2025-12-18T20:46:09.071Z" },
    { url = "https://files.pythonhosted.org/packages/00/78/6334d3f446af741bc548a084085ef0b2adf91a4d0dbf3c6dee628573c06d/whenever-0.9.4-cp314-cp314t-manylinux_2_17_aarch64.manylinux2014_aarch64.whl", hash = "sha256:fd8edd595469d48cd2f4349120bc795394835cc851d257edc595a8db60aa9582", size = 460266, upload-time = "2025-12-18T20:44:12.478Z" },
    { url = "https://files.pythonhosted.org/packages/f0/f6/3670d5601da93dcc04907fd0ac1862071742e08c9c33539ae9b192547185/whenever-0.9.4-cp314-cp314t-manylinux_2_17_armv7l.manylinux2014_armv7l.whl", hash = "sha256:a38955482ab1daa259291937915347aae6997af14a1dd4d68d7a0a4541464583", size = 504698, upload-time = "2025-12-18T20:44:34.066Z" },
    { url = "https://files.pythonhosted.org/packages/c7/9d/0407dde2f1fd8c361978a7dc7425c2dafb73b6c2224124e4e7e652c7dd95/whenever-0.9.4-cp314-cp314t-manylinux_2_17_ppc64le.manylinux2014_ppc64le.whl", hash = "sha256:fe0bf7299894948f7ffb1c3ad75ae33084cfb77cdecd47d62331b31c81110831", size = 496414, upload-time = "2025-12-18T20:44:56.238Z" },
    { url = "https://files.pythonhosted.org/packages/36/0c/993225642c2b34b4e88bf0a7e1f102eb5ed9e39cc07925b8dda484040cd1/whenever-0.9.4-cp314-cp314t-manylinux_2_17_s390x.manylinux2014_s390x.whl", hash = "sha256:b9f25607c7fbe936ebbb6c94be2bcaa2fb3fb599cd3ca40c2af1b0d8f8606e20", size = 527466, upload-time = "2025-12-18T20:45:08.463Z" },
    { url = "https://files.pythonhosted.org/packages/c1/b8/10b6f68701b884c6b711a6686a73d005170f7b4872337204e1266aa9e864/whenever-0.9.4-cp314-cp314t-manylinux_2_17_x86_64.manylinux2014_x86_64.whl", hash = "sha256:ce1329a7aa9ef39f02164c54eb420a78a0ff5a86fcbedd76975059ed5efdf80a", size = 490409, upload-time = "2025-12-18T20:45:45.255Z" },
    { url = "https://files.pythonhosted.org/packages/df/e6/ff2c17b380d80ce684d1af57852195a2b40009689b813b96665307678098/whenever-0.9.4-cp314-cp314t-manylinux_2_5_i686.manylinux1_i686.whl", hash = "sha256:67d5e736a30f8fdd3d65e78cfab21d1e4824b847a4caeddcf4d7077a5ece0a36", size = 529026, upload-time = "2025-12-18T20:45:19.571Z" },
    { url = "https://files.pythonhosted.org/packages/c8/28/0daf67d5e9ea8ad0179bb8747cbe47eb2ba24335aa541f06699eb60561fb/whenever-0.9.4-cp314-cp314t-musllinux_1_2_aarch64.whl", hash = "sha256:2dbd42a1e5039155f47cc1d63c21ead6013441eff9b130891a4be87ef126ad91", size = 640099, upload-time = "2025-12-18T20:44:23.286Z" },
    { url = "https://files.pythonhosted.org/packages/b8/ac/6dda71976ac64aaf6599c0e23490a97da41262008c77c602f8ccb04988d5/whenever-0.9.4-cp314-cp314t-musllinux_1_2_armv7l.whl", hash = "sha256:d8d7b92f8deffdc48b305d13243a61ef8cd8732e28c173cf0e3dec0d1454cd1a", size = 775768, upload-time = "2025-12-18T20:44:45.76Z" },
    { url = "https://files.pythonhosted.org/packages/1e/bb/5e29977f4c7b3f9a672ca1664ae7b1ecd8efcba708a0f47481d93d4c633b/whenever-0.9.4-cp314-cp314t-musllinux_1_2_i686.whl", hash = "sha256:334e0febba4b3bfd925f4c4c14a457b683f23e237b5f698791359bcd512149d9", size = 740055, upload-time = "2025-12-18T20:45:33.105Z" },
    { url = "https://files.pythonhosted.org/packages/3e/1b/05b7846e001e22c12a4beea10d5bcf115a1262e8b15bb7aa243a1911e42b/whenever-0.9.4-cp314-cp314t-musllinux_1_2_x86_64.whl", hash = "sha256:7ab37211c24d962630623e59706c46cae65e55042a7f0ba82c252698ff82e728", size = 700784, upload-time = "2025-12-18T20:45:56.529Z" },
    { url = "https://files.pythonhosted.org/packages/bc/20/0e62de9f52ff5ed9d9af18446e7f9c2ae8fc1f67cf71dc5117f0f151402c/whenever-0.9.4-cp314-cp314t-win32.whl", hash = "sha256:376d3e3f2cb805dc5d889caeea15d4ee6401080ba78b97fd378b86850a2d5454", size = 420839, upload-time = "2025-12-18T20:46:29.473Z" },
    { url = "https://files.pythonhosted.org/packages/3a/68/52996f6fa0595fcfb84d6695df15ff9d80a86609f3034c6a17829a8085e6/whenever-0.9.4-cp314-cp314t-win_amd64.whl", hash = "sha256:f603214f8eb33f497262c0ae819106c0c76cf1dc39b9d1e8ff408265c98275ba", size = 437159, upload-time = "2025-12-18T20:46:38.262Z" },
    { url = "https://files.pythonhosted.org/packages/9f/e7/84381106a701c812652405f4d74093f6da7c2748a639084fd2c092cd2c78/whenever-0.9.4-py3-none-any.whl", hash = "sha256:b373ece2ad5cf4667848af3057aefa8fbb443d20e721cf4259602cc801f9d176", size = 64872, upload-time = "2025-12-18T20:46:40.888Z" },
]
