version = 1
revision = 3
requires-python = ">=3.14"

[options]
prerelease-mode = "disallow"

[manifest]
requirements = [
    { name = "click", specifier = ">=8.3.1,<8.4" },
    { name = "dycw-utilities", specifier = ">=0.183.4,<0.184" },
    { name = "pyright", specifier = ">=1.1.407" },
    { name = "pytest-xdist", specifier = ">=3.8.0" },
    { name = "rich", specifier = ">=14.2.0,<14.3" },
    { name = "typed-settings", extras = ["attrs", "click"], specifier = ">=25.3.0,<25.4" },
]

[[package]]
name = "atomicwrites"
version = "1.4.1"
source = { registry = "https://pypi.org/simple" }
sdist = { url = "https://files.pythonhosted.org/packages/87/c6/53da25344e3e3a9c01095a89f16dbcda021c609ddb42dd6d7c0528236fb2/atomicwrites-1.4.1.tar.gz", hash = "sha256:81b2c9071a49367a7f770170e5eec8cb66567cfbbc8c73d20ce5ca4a8d71cf11", size = 14227, upload-time = "2022-07-08T18:31:40.459Z" }

[[package]]
name = "attrs"
version = "25.4.0"
source = { registry = "https://pypi.org/simple" }
sdist = { url = "https://files.pythonhosted.org/packages/6b/5c/685e6633917e101e5dcb62b9dd76946cbb57c26e133bae9e0cd36033c0a9/attrs-25.4.0.tar.gz", hash = "sha256:16d5969b87f0859ef33a48b35d55ac1be6e42ae49d5e853b597db70c35c57e11", size = 934251, upload-time = "2025-10-06T13:54:44.725Z" }
wheels = [
    { url = "https://files.pythonhosted.org/packages/3a/2a/7cc015f5b9f5db42b7d48157e23356022889fc354a2813c15934b7cb5c0e/attrs-25.4.0-py3-none-any.whl", hash = "sha256:adcf7e2a1fb3b36ac48d97835bb6d8ade15b8dcce26aba8bf1d14847b57a3373", size = 67615, upload-time = "2025-10-06T13:54:43.17Z" },
]

[[package]]
name = "click"
version = "8.3.1"
source = { registry = "https://pypi.org/simple" }
dependencies = [
    { name = "colorama", marker = "sys_platform == 'win32'" },
]
sdist = { url = "https://files.pythonhosted.org/packages/3d/fa/656b739db8587d7b5dfa22e22ed02566950fbfbcdc20311993483657a5c0/click-8.3.1.tar.gz", hash = "sha256:12ff4785d337a1bb490bb7e9c2b1ee5da3112e94a8622f26a6c77f5d2fc6842a", size = 295065, upload-time = "2025-11-15T20:45:42.706Z" }
wheels = [
    { url = "https://files.pythonhosted.org/packages/98/78/01c019cdb5d6498122777c1a43056ebb3ebfeef2076d9d026bfe15583b2b/click-8.3.1-py3-none-any.whl", hash = "sha256:981153a64e25f12d547d3426c367a4857371575ee7ad18df2a6183ab0545b2a6", size = 108274, upload-time = "2025-11-15T20:45:41.139Z" },
]

[[package]]
name = "colorama"
version = "0.4.6"
source = { registry = "https://pypi.org/simple" }
sdist = { url = "https://files.pythonhosted.org/packages/d8/53/6f443c9a4a8358a93a6792e2acffb9d9d5cb0a5cfd8802644b7b1c9a02e4/colorama-0.4.6.tar.gz", hash = "sha256:08695f5cb7ed6e0531a20572697297273c47b8cae5a63ffc6d6ed5c201be6e44", size = 27697, upload-time = "2022-10-25T02:36:22.414Z" }
wheels = [
    { url = "https://files.pythonhosted.org/packages/d1/d6/3965ed04c63042e047cb6a3e6ed1a63a35087b6a609aa3a15ed8ac56c221/colorama-0.4.6-py2.py3-none-any.whl", hash = "sha256:4f1d9991f5acc0ca119f9d443620b77f9d6b33703e51011c16baf57afb285fc6", size = 25335, upload-time = "2022-10-25T02:36:20.889Z" },
]

[[package]]
name = "dycw-utilities"
version = "0.183.4"
source = { registry = "https://pypi.org/simple" }
dependencies = [
    { name = "atomicwrites" },
    { name = "typing-extensions" },
    { name = "tzlocal" },
    { name = "whenever" },
]
wheels = [
    { url = "https://files.pythonhosted.org/packages/69/a2/10ae93f47062195d3e6433eebeb10cd7e8c64f33f3214518c1248520ddca/dycw_utilities-0.183.4-py3-none-any.whl", hash = "sha256:a0f2ab9c8f78b8536c00abeebe32447e3280fb6731b49a99eace713aa23b3e52", size = 214142, upload-time = "2026-01-17T14:17:38.823Z" },
]

[[package]]
name = "execnet"
version = "2.1.2"
source = { registry = "https://pypi.org/simple" }
sdist = { url = "https://files.pythonhosted.org/packages/bf/89/780e11f9588d9e7128a3f87788354c7946a9cbb1401ad38a48c4db9a4f07/execnet-2.1.2.tar.gz", hash = "sha256:63d83bfdd9a23e35b9c6a3261412324f964c2ec8dcd8d3c6916ee9373e0befcd", size = 166622, upload-time = "2025-11-12T09:56:37.75Z" }
wheels = [
    { url = "https://files.pythonhosted.org/packages/ab/84/02fc1827e8cdded4aa65baef11296a9bbe595c474f0d6d758af082d849fd/execnet-2.1.2-py3-none-any.whl", hash = "sha256:67fba928dd5a544b783f6056f449e5e3931a5c378b128bc18501f7ea79e296ec", size = 40708, upload-time = "2025-11-12T09:56:36.333Z" },
]

[[package]]
name = "iniconfig"
version = "2.3.0"
source = { registry = "https://pypi.org/simple" }
sdist = { url = "https://files.pythonhosted.org/packages/72/34/14ca021ce8e5dfedc35312d08ba8bf51fdd999c576889fc2c24cb97f4f10/iniconfig-2.3.0.tar.gz", hash = "sha256:c76315c77db068650d49c5b56314774a7804df16fee4402c1f19d6d15d8c4730", size = 20503, upload-time = "2025-10-18T21:55:43.219Z" }
wheels = [
    { url = "https://files.pythonhosted.org/packages/cb/b1/3846dd7f199d53cb17f49cba7e651e9ce294d8497c8c150530ed11865bb8/iniconfig-2.3.0-py3-none-any.whl", hash = "sha256:f631c04d2c48c52b84d0d0549c99ff3859c98df65b3101406327ecc7d53fbf12", size = 7484, upload-time = "2025-10-18T21:55:41.639Z" },
]

[[package]]
name = "markdown-it-py"
version = "4.0.0"
source = { registry = "https://pypi.org/simple" }
dependencies = [
    { name = "mdurl" },
]
sdist = { url = "https://files.pythonhosted.org/packages/5b/f5/4ec618ed16cc4f8fb3b701563655a69816155e79e24a17b651541804721d/markdown_it_py-4.0.0.tar.gz", hash = "sha256:cb0a2b4aa34f932c007117b194e945bd74e0ec24133ceb5bac59009cda1cb9f3", size = 73070, upload-time = "2025-08-11T12:57:52.854Z" }
wheels = [
    { url = "https://files.pythonhosted.org/packages/94/54/e7d793b573f298e1c9013b8c4dade17d481164aa517d1d7148619c2cedbf/markdown_it_py-4.0.0-py3-none-any.whl", hash = "sha256:87327c59b172c5011896038353a81343b6754500a08cd7a4973bb48c6d578147", size = 87321, upload-time = "2025-08-11T12:57:51.923Z" },
]

[[package]]
name = "mdurl"
version = "0.1.2"
source = { registry = "https://pypi.org/simple" }
sdist = { url = "https://files.pythonhosted.org/packages/d6/54/cfe61301667036ec958cb99bd3efefba235e65cdeb9c84d24a8293ba1d90/mdurl-0.1.2.tar.gz", hash = "sha256:bb413d29f5eea38f31dd4754dd7377d4465116fb207585f97bf925588687c1ba", size = 8729, upload-time = "2022-08-14T12:40:10.846Z" }
wheels = [
    { url = "https://files.pythonhosted.org/packages/b3/38/89ba8ad64ae25be8de66a6d463314cf1eb366222074cfda9ee839c56a4b4/mdurl-0.1.2-py3-none-any.whl", hash = "sha256:84008a41e51615a49fc9966191ff91509e3c40b939176e643fd50a5c2196b8f8", size = 9979, upload-time = "2022-08-14T12:40:09.779Z" },
]

[[package]]
name = "nodeenv"
version = "1.10.0"
source = { registry = "https://pypi.org/simple" }
sdist = { url = "https://files.pythonhosted.org/packages/24/bf/d1bda4f6168e0b2e9e5958945e01910052158313224ada5ce1fb2e1113b8/nodeenv-1.10.0.tar.gz", hash = "sha256:996c191ad80897d076bdfba80a41994c2b47c68e224c542b48feba42ba00f8bb", size = 55611, upload-time = "2025-12-20T14:08:54.006Z" }
wheels = [
    { url = "https://files.pythonhosted.org/packages/88/b2/d0896bdcdc8d28a7fc5717c305f1a861c26e18c05047949fb371034d98bd/nodeenv-1.10.0-py2.py3-none-any.whl", hash = "sha256:5bb13e3eed2923615535339b3c620e76779af4cb4c6a90deccc9e36b274d3827", size = 23438, upload-time = "2025-12-20T14:08:52.782Z" },
]

[[package]]
name = "packaging"
version = "25.0"
source = { registry = "https://pypi.org/simple" }
sdist = { url = "https://files.pythonhosted.org/packages/a1/d4/1fc4078c65507b51b96ca8f8c3ba19e6a61c8253c72794544580a7b6c24d/packaging-25.0.tar.gz", hash = "sha256:d443872c98d677bf60f6a1f2f8c1cb748e8fe762d2bf9d3148b5599295b0fc4f", size = 165727, upload-time = "2025-04-19T11:48:59.673Z" }
wheels = [
    { url = "https://files.pythonhosted.org/packages/20/12/38679034af332785aac8774540895e234f4d07f7545804097de4b666afd8/packaging-25.0-py3-none-any.whl", hash = "sha256:29572ef2b1f17581046b3a2227d5c611fb25ec70ca1ba8554b24b0e69331a484", size = 66469, upload-time = "2025-04-19T11:48:57.875Z" },
]

[[package]]
name = "pluggy"
version = "1.6.0"
source = { registry = "https://pypi.org/simple" }
sdist = { url = "https://files.pythonhosted.org/packages/f9/e2/3e91f31a7d2b083fe6ef3fa267035b518369d9511ffab804f839851d2779/pluggy-1.6.0.tar.gz", hash = "sha256:7dcc130b76258d33b90f61b658791dede3486c3e6bfb003ee5c9bfb396dd22f3", size = 69412, upload-time = "2025-05-15T12:30:07.975Z" }
wheels = [
    { url = "https://files.pythonhosted.org/packages/54/20/4d324d65cc6d9205fabedc306948156824eb9f0ee1633355a8f7ec5c66bf/pluggy-1.6.0-py3-none-any.whl", hash = "sha256:e920276dd6813095e9377c0bc5566d94c932c33b27a3e3945d8389c374dd4746", size = 20538, upload-time = "2025-05-15T12:30:06.134Z" },
]

[[package]]
name = "pygments"
version = "2.19.2"
source = { registry = "https://pypi.org/simple" }
sdist = { url = "https://files.pythonhosted.org/packages/b0/77/a5b8c569bf593b0140bde72ea885a803b82086995367bf2037de0159d924/pygments-2.19.2.tar.gz", hash = "sha256:636cb2477cec7f8952536970bc533bc43743542f70392ae026374600add5b887", size = 4968631, upload-time = "2025-06-21T13:39:12.283Z" }
wheels = [
    { url = "https://files.pythonhosted.org/packages/c7/21/705964c7812476f378728bdf590ca4b771ec72385c533964653c68e86bdc/pygments-2.19.2-py3-none-any.whl", hash = "sha256:86540386c03d588bb81d44bc3928634ff26449851e99741617ecb9037ee5ec0b", size = 1225217, upload-time = "2025-06-21T13:39:07.939Z" },
]

[[package]]
name = "pyright"
version = "1.1.408"
source = { registry = "https://pypi.org/simple" }
dependencies = [
    { name = "nodeenv" },
    { name = "typing-extensions" },
]
sdist = { url = "https://files.pythonhosted.org/packages/74/b2/5db700e52554b8f025faa9c3c624c59f1f6c8841ba81ab97641b54322f16/pyright-1.1.408.tar.gz", hash = "sha256:f28f2321f96852fa50b5829ea492f6adb0e6954568d1caa3f3af3a5f555eb684", size = 4400578, upload-time = "2026-01-08T08:07:38.795Z" }
wheels = [
    { url = "https://files.pythonhosted.org/packages/0c/82/a2c93e32800940d9573fb28c346772a14778b84ba7524e691b324620ab89/pyright-1.1.408-py3-none-any.whl", hash = "sha256:090b32865f4fdb1e0e6cd82bf5618480d48eecd2eb2e70f960982a3d9a4c17c1", size = 6399144, upload-time = "2026-01-08T08:07:37.082Z" },
]

[[package]]
name = "pytest"
version = "9.0.2"
source = { registry = "https://pypi.org/simple" }
dependencies = [
    { name = "colorama", marker = "sys_platform == 'win32'" },
    { name = "iniconfig" },
    { name = "packaging" },
    { name = "pluggy" },
    { name = "pygments" },
]
sdist = { url = "https://files.pythonhosted.org/packages/d1/db/7ef3487e0fb0049ddb5ce41d3a49c235bf9ad299b6a25d5780a89f19230f/pytest-9.0.2.tar.gz", hash = "sha256:75186651a92bd89611d1d9fc20f0b4345fd827c41ccd5c299a868a05d70edf11", size = 1568901, upload-time = "2025-12-06T21:30:51.014Z" }
wheels = [
    { url = "https://files.pythonhosted.org/packages/3b/ab/b3226f0bd7cdcf710fbede2b3548584366da3b19b5021e74f5bde2a8fa3f/pytest-9.0.2-py3-none-any.whl", hash = "sha256:711ffd45bf766d5264d487b917733b453d917afd2b0ad65223959f59089f875b", size = 374801, upload-time = "2025-12-06T21:30:49.154Z" },
]

[[package]]
name = "pytest-xdist"
version = "3.8.0"
source = { registry = "https://pypi.org/simple" }
dependencies = [
    { name = "execnet" },
    { name = "pytest" },
]
sdist = { url = "https://files.pythonhosted.org/packages/78/b4/439b179d1ff526791eb921115fca8e44e596a13efeda518b9d845a619450/pytest_xdist-3.8.0.tar.gz", hash = "sha256:7e578125ec9bc6050861aa93f2d59f1d8d085595d6551c2c90b6f4fad8d3a9f1", size = 88069, upload-time = "2025-07-01T13:30:59.346Z" }
wheels = [
    { url = "https://files.pythonhosted.org/packages/ca/31/d4e37e9e550c2b92a9cbc2e4d0b7420a27224968580b5a447f420847c975/pytest_xdist-3.8.0-py3-none-any.whl", hash = "sha256:202ca578cfeb7370784a8c33d6d05bc6e13b4f25b5053c30a152269fd10f0b88", size = 46396, upload-time = "2025-07-01T13:30:56.632Z" },
]

[[package]]
name = "rich"
version = "14.2.0"
source = { registry = "https://pypi.org/simple" }
dependencies = [
    { name = "markdown-it-py" },
    { name = "pygments" },
]
sdist = { url = "https://files.pythonhosted.org/packages/fb/d2/8920e102050a0de7bfabeb4c4614a49248cf8d5d7a8d01885fbb24dc767a/rich-14.2.0.tar.gz", hash = "sha256:73ff50c7c0c1c77c8243079283f4edb376f0f6442433aecb8ce7e6d0b92d1fe4", size = 219990, upload-time = "2025-10-09T14:16:53.064Z" }
wheels = [
    { url = "https://files.pythonhosted.org/packages/25/7a/b0178788f8dc6cafce37a212c99565fa1fe7872c70c6c9c1e1a372d9d88f/rich-14.2.0-py3-none-any.whl", hash = "sha256:76bc51fe2e57d2b1be1f96c524b890b816e334ab4c1e45888799bfaab0021edd", size = 243393, upload-time = "2025-10-09T14:16:51.245Z" },
]

[[package]]
name = "typed-settings"
version = "25.3.0"
source = { registry = "https://pypi.org/simple" }
sdist = { url = "https://files.pythonhosted.org/packages/30/19/a8155d9f411ed7cb4a5f510a6c37ac09ea6065542c597c23d0a88ec2fbed/typed_settings-25.3.0.tar.gz", hash = "sha256:865eb52c3184f467705645a1e58db9d719e08b9d7957448a2ad8cbbc22ed21a6", size = 3492969, upload-time = "2025-11-29T22:10:25.768Z" }
wheels = [
    { url = "https://files.pythonhosted.org/packages/8b/9e/d01ef2bed8e995bbdeeb5307a571729a10545de4a6f8f06d9175fc7a1978/typed_settings-25.3.0-py3-none-any.whl", hash = "sha256:8fe578c84ae2e44f6e8bdde256d2449fbff45f47dca3c4092aeee03900efc12c", size = 63962, upload-time = "2025-11-29T22:10:23.77Z" },
]

[package.optional-dependencies]
attrs = [
    { name = "attrs" },
]
click = [
    { name = "click" },
]

[[package]]
name = "typing-extensions"
version = "4.15.0"
source = { registry = "https://pypi.org/simple" }
sdist = { url = "https://files.pythonhosted.org/packages/72/94/1a15dd82efb362ac84269196e94cf00f187f7ed21c242792a923cdb1c61f/typing_extensions-4.15.0.tar.gz", hash = "sha256:0cea48d173cc12fa28ecabc3b837ea3cf6f38c6d1136f85cbaaf598984861466", size = 109391, upload-time = "2025-08-25T13:49:26.313Z" }
wheels = [
    { url = "https://files.pythonhosted.org/packages/18/67/36e9267722cc04a6b9f15c7f3441c2363321a3ea07da7ae0c0707beb2a9c/typing_extensions-4.15.0-py3-none-any.whl", hash = "sha256:f0fa19c6845758ab08074a0cfa8b7aecb71c999ca73d62883bc25cc018c4e548", size = 44614, upload-time = "2025-08-25T13:49:24.86Z" },
]

[[package]]
name = "tzdata"
version = "2025.3"
source = { registry = "https://pypi.org/simple" }
sdist = { url = "https://files.pythonhosted.org/packages/5e/a7/c202b344c5ca7daf398f3b8a477eeb205cf3b6f32e7ec3a6bac0629ca975/tzdata-2025.3.tar.gz", hash = "sha256:de39c2ca5dc7b0344f2eba86f49d614019d29f060fc4ebc8a417896a620b56a7", size = 196772, upload-time = "2025-12-13T17:45:35.667Z" }
wheels = [
    { url = "https://files.pythonhosted.org/packages/c7/b0/003792df09decd6849a5e39c28b513c06e84436a54440380862b5aeff25d/tzdata-2025.3-py2.py3-none-any.whl", hash = "sha256:06a47e5700f3081aab02b2e513160914ff0694bce9947d6b76ebd6bf57cfc5d1", size = 348521, upload-time = "2025-12-13T17:45:33.889Z" },
]

[[package]]
name = "tzlocal"
version = "5.3.1"
source = { registry = "https://pypi.org/simple" }
dependencies = [
    { name = "tzdata", marker = "sys_platform == 'win32'" },
]
sdist = { url = "https://files.pythonhosted.org/packages/8b/2e/c14812d3d4d9cd1773c6be938f89e5735a1f11a9f184ac3639b93cef35d5/tzlocal-5.3.1.tar.gz", hash = "sha256:cceffc7edecefea1f595541dbd6e990cb1ea3d19bf01b2809f362a03dd7921fd", size = 30761, upload-time = "2025-03-05T21:17:41.549Z" }
wheels = [
    { url = "https://files.pythonhosted.org/packages/c2/14/e2a54fabd4f08cd7af1c07030603c3356b74da07f7cc056e600436edfa17/tzlocal-5.3.1-py3-none-any.whl", hash = "sha256:eb1a66c3ef5847adf7a834f1be0800581b683b5608e74f86ecbcef8ab91bb85d", size = 18026, upload-time = "2025-03-05T21:17:39.857Z" },
]

[[package]]
name = "whenever"
version = "0.9.5"
source = { registry = "https://pypi.org/simple" }
dependencies = [
    { name = "tzdata", marker = "sys_platform == 'win32'" },
    { name = "tzlocal", marker = "sys_platform != 'darwin' and sys_platform != 'linux'" },
]
sdist = { url = "https://files.pythonhosted.org/packages/cd/9a/6b12d5708a703010877bec0efc5172ae8a851516abc13cd4543ce4d02a20/whenever-0.9.5.tar.gz", hash = "sha256:9d8f2fbc70acdab98a99b81a2ac594ebd4cc68d5b3506b990729a5f0b04d0083", size = 259436, upload-time = "2026-01-11T19:47:51.608Z" }
wheels = [
    { url = "https://files.pythonhosted.org/packages/d7/e4/5e78fc3b8a2bc84e0f055a89a9f4eabc06bc435463ea112265e1e73592f5/whenever-0.9.5-cp314-cp314-macosx_10_12_x86_64.whl", hash = "sha256:e381120682f6675cccbcba13b4c88b033f31167f820c161936fa99556e455f03", size = 468861, upload-time = "2026-01-11T19:47:24.176Z" },
    { url = "https://files.pythonhosted.org/packages/e8/a3/bd597dff8c82b2a1568813015ff25f3df2b6817872c8061176f04e3aad0f/whenever-0.9.5-cp314-cp314-macosx_11_0_arm64.whl", hash = "sha256:caa7be36a609d765b9ea1c49159c446521b6ac33ff60b67214aa019713e05dda", size = 441322, upload-time = "2026-01-11T19:47:14.184Z" },
    { url = "https://files.pythonhosted.org/packages/82/3c/fcb3a85cfdc12783c22d44640be538f78bcc3946cc3fb454139cdaebd119/whenever-0.9.5-cp314-cp314-manylinux_2_17_aarch64.manylinux2014_aarch64.whl", hash = "sha256:037fd64e27df6116c3ffe8e96cdb6562051b0eda3f0bc7c35068fe642a913da9", size = 455230, upload-time = "2026-01-11T19:45:32.978Z" },
    { url = "https://files.pythonhosted.org/packages/e9/17/83c83dddb55f7576f3748b077774d2bd8521bc2220bd2fa6f711ad8f046e/whenever-0.9.5-cp314-cp314-manylinux_2_17_armv7l.manylinux2014_armv7l.whl", hash = "sha256:5c864363a2ff97c0b661915112140b9229132586d035ee4989cbe914aa3e3df4", size = 499473, upload-time = "2026-01-11T19:45:52.257Z" },
    { url = "https://files.pythonhosted.org/packages/07/11/406d26cf641ef9e3cdd0f11237a2a49b06f225c5f57257850a2e101c8760/whenever-0.9.5-cp314-cp314-manylinux_2_17_ppc64le.manylinux2014_ppc64le.whl", hash = "sha256:e3d2c3f7bc9ceaef7d58fb40f0a4602a1947691eac1bff2623d2f923d4374543", size = 488680, upload-time = "2026-01-11T19:46:12.382Z" },
    { url = "https://files.pythonhosted.org/packages/b5/15/7d85e7f5710fc4dfaec830da0b069791ca6b7108939ab06a0440cfd11f7a/whenever-0.9.5-cp314-cp314-manylinux_2_17_s390x.manylinux2014_s390x.whl", hash = "sha256:ce45c364734e63a459b3b816f1ce159bb4d4f570faa2b0fa504d6d329dd654a3", size = 522715, upload-time = "2026-01-11T19:46:22.835Z" },
    { url = "https://files.pythonhosted.org/packages/3f/53/ec6eb7d71624437571ed22c9fbfa7c8532b6868c94138e0775f61c69101c/whenever-0.9.5-cp314-cp314-manylinux_2_17_x86_64.manylinux2014_x86_64.whl", hash = "sha256:c8fc8e6e500f60299be739e19ffb830b2d9f50da017e14cd832b31f31ee93166", size = 484518, upload-time = "2026-01-11T19:46:51.971Z" },
    { url = "https://files.pythonhosted.org/packages/17/48/220d4a7335d91face9e5c16ec5228ad454ff58cfb3713c291c90d54b3e84/whenever-0.9.5-cp314-cp314-manylinux_2_5_i686.manylinux1_i686.whl", hash = "sha256:b422bb8651f094f4420749f4c0d72287121480a495c6d247035bd52a72c4586c", size = 522611, upload-time = "2026-01-11T19:46:32.224Z" },
    { url = "https://files.pythonhosted.org/packages/be/fd/d1b270585f459f469af7c08e03ba2bcfe058449162354bf809e671ccfb1e/whenever-0.9.5-cp314-cp314-musllinux_1_2_aarch64.whl", hash = "sha256:87635742acdd0adbbed62c6ed2ec4a49e25b1e3c7374f13f39d2c5f9229ae24f", size = 638421, upload-time = "2026-01-11T19:45:42.843Z" },
    { url = "https://files.pythonhosted.org/packages/2f/0c/7fc33cdb8da7d2b14cd7129f37b48c1aa91644eabc07780333979bdf15f6/whenever-0.9.5-cp314-cp314-musllinux_1_2_armv7l.whl", hash = "sha256:1ae39fff83ad73ec563db65707e5bde1e74b350bf4309cfb265d527a6cd222c6", size = 770967, upload-time = "2026-01-11T19:46:01.614Z" },
    { url = "https://files.pythonhosted.org/packages/fc/39/a379dcf478136619050cee1ed789a9bdb0a6537fe8c43b23ea832e38c8ce/whenever-0.9.5-cp314-cp314-musllinux_1_2_i686.whl", hash = "sha256:ae5b01eb93c3ad703d7870d9e6566c389b889e97d7efec30c73abf64aa95b47f", size = 735292, upload-time = "2026-01-11T19:46:41.75Z" },
    { url = "https://files.pythonhosted.org/packages/09/a7/139ac3b81239f1d6275e8eb792c52a48adc6ba303b7e0c9d8ca405a86c76/whenever-0.9.5-cp314-cp314-musllinux_1_2_x86_64.whl", hash = "sha256:5e278daa1e650958f9ba7084b1c3c245444acf3e30db9cca5141658347a7c67d", size = 697998, upload-time = "2026-01-11T19:47:02.681Z" },
    { url = "https://files.pythonhosted.org/packages/2e/37/141041e40f76dd530183c715faae1d8b21e47867fe159b8b88c4960eae2d/whenever-0.9.5-cp314-cp314-win32.whl", hash = "sha256:1b62c62a00bd93e51f71d231aef3178f1c22566b2818c190e755c96fd939b91a", size = 418248, upload-time = "2026-01-11T19:47:34.855Z" },
    { url = "https://files.pythonhosted.org/packages/4b/7b/c86657bec1a679042c239a247bc3e6a92f3acc53ec858d13c1e770777f41/whenever-0.9.5-cp314-cp314-win_amd64.whl", hash = "sha256:483c2736ce367dbda01133700b064dfa8b6ed24833fc984e1d767e81aa02a189", size = 442418, upload-time = "2026-01-11T19:47:45.727Z" },
    { url = "https://files.pythonhosted.org/packages/55/3b/2d37c3438214a1bf6caddddf825d5ff86e6cfcdf91a41fa1175334a2bab0/whenever-0.9.5-cp314-cp314t-macosx_10_12_x86_64.whl", hash = "sha256:7644b6c35f9c1fa7b7f6cb03bf5764207374bf3e2049cb49e7578648b0d27dd9", size = 468132, upload-time = "2026-01-11T19:47:25.341Z" },
    { url = "https://files.pythonhosted.org/packages/ba/0d/284336cf592107ee65c61030f1ca9717214365661d642aadf9fbce38bf8d/whenever-0.9.5-cp314-cp314t-macosx_11_0_arm64.whl", hash = "sha256:be31d5799b49e593da413cddc73728a51d0e80461262c7a4ed66b95819a69016", size = 438449, upload-time = "2026-01-11T19:47:15.283Z" },
    { url = "https://files.pythonhosted.org/packages/5a/50/a13b1869b06a8838fab79e31707bf882f836764dcf1260ce170c1084011b/whenever-0.9.5-cp314-cp314t-manylinux_2_17_aarch64.manylinux2014_aarch64.whl", hash = "sha256:6691e1157026773354c77771cd72db727bbd0ee36121cd139cf16f03cddc1699", size = 452750, upload-time = "2026-01-11T19:45:34.047Z" },
    { url = "https://files.pythonhosted.org/packages/79/9d/3b9006df1289c78a2e3b8bdd6498430ffee57cb851c938a9da9a7f2ca11d/whenever-0.9.5-cp314-cp314t-manylinux_2_17_armv7l.manylinux2014_armv7l.whl", hash = "sha256:e7e31f4bb592cdd433dde40acef83f968b89178b42169724e0b200a318536c4f", size = 497651, upload-time = "2026-01-11T19:45:53.477Z" },
    { url = "https://files.pythonhosted.org/packages/c3/94/6e66e55649ed8c2e742ca3284e3dd158b0cb3d1272fc7bacc5b0938eba12/whenever-0.9.5-cp314-cp314t-manylinux_2_17_ppc64le.manylinux2014_ppc64le.whl", hash = "sha256:9f8100609213040dda06e1d078bc43768d5d16dbaabfa75b13c5adb5189056be", size = 488006, upload-time = "2026-01-11T19:46:13.624Z" },
    { url = "https://files.pythonhosted.org/packages/c2/62/5c0bea83a518f3a76377400bdc29215d2f964be4d1bc8d3886f91824a4cc/whenever-0.9.5-cp314-cp314t-manylinux_2_17_s390x.manylinux2014_s390x.whl", hash = "sha256:38c415a27661f830320c96f3cf6af99ea96b712c9c3a14975ff8c34263d125c6", size = 521517, upload-time = "2026-01-11T19:46:23.874Z" },
    { url = "https://files.pythonhosted.org/packages/80/0a/e93c2ccfb993d5ac1434913d9a2cea2e79d93affbbec06942c748d04681f/whenever-0.9.5-cp314-cp314t-manylinux_2_17_x86_64.manylinux2014_x86_64.whl", hash = "sha256:cee6fce59f948dd30c01107d55d40d2c035c6dfd3005c49d535e10175832601c", size = 483401, upload-time = "2026-01-11T19:46:53.531Z" },
    { url = "https://files.pythonhosted.org/packages/4d/05/d142ca3b56a1012082d0d2b71f9e9e1b9b42ba266d92294f841cb7acc07e/whenever-0.9.5-cp314-cp314t-manylinux_2_5_i686.manylinux1_i686.whl", hash = "sha256:ef181122ffcef41551d5eef483bf12ea48d1115554911a674e404e640ef0fd26", size = 520096, upload-time = "2026-01-11T19:46:33.746Z" },
    { url = "https://files.pythonhosted.org/packages/ca/b9/53a3ebb2c44e7215fa8c6720361a5c78891538f9c934935ffbf508801aae/whenever-0.9.5-cp314-cp314t-musllinux_1_2_aarch64.whl", hash = "sha256:e4970bc5c37d4fff22e299314bebebb2d1a88133a67a51f87013dad0ac6535fb", size = 637251, upload-time = "2026-01-11T19:45:43.849Z" },
    { url = "https://files.pythonhosted.org/packages/ea/17/4f15ae9977972a7b8cd2819c4f03b63884416e4064d6d7366164cd6093f4/whenever-0.9.5-cp314-cp314t-musllinux_1_2_armv7l.whl", hash = "sha256:db8043800bd6eba7e681a316cba3734c8d10dad044b4a0dcf5fb0129665902ce", size = 769681, upload-time = "2026-01-11T19:46:03.041Z" },
    { url = "https://files.pythonhosted.org/packages/a0/a5/280dd222b31f478cef551f0d6554ab224e436b7b4ba1456d3cad864de756/whenever-0.9.5-cp314-cp314t-musllinux_1_2_i686.whl", hash = "sha256:067235cd1be14f709219eae4e6ae639ec19418e7860d1be1e59c5e4bd9cb3542", size = 732487, upload-time = "2026-01-11T19:46:43.395Z" },
    { url = "https://files.pythonhosted.org/packages/8d/33/d2bed59cfe7cf358e78bfa26bad4414a0a3d99c6aa5e5b76aea448661bae/whenever-0.9.5-cp314-cp314t-musllinux_1_2_x86_64.whl", hash = "sha256:81556be508452f5fe7d7e7837718ff91ddb16089a705febe178fa8baabc99236", size = 696906, upload-time = "2026-01-11T19:47:03.814Z" },
    { url = "https://files.pythonhosted.org/packages/36/4a/b27b182fdf24c9760a91481c6b97d9f536a15f6bc7c33d750eccaa245670/whenever-0.9.5-cp314-cp314t-win32.whl", hash = "sha256:681c9f4d322182df28037a33f0d4eadf7577fcd590130f7a5d23763a86ab5687", size = 417599, upload-time = "2026-01-11T19:47:36.201Z" },
    { url = "https://files.pythonhosted.org/packages/6d/93/712f65c4fc3c188b0c163cd650cb04a46f993a22d1ad3f66a3e4a42a39f8/whenever-0.9.5-cp314-cp314t-win_amd64.whl", hash = "sha256:37242c895078bb1bfc26bea460f6d92dc5bdfe4a59e95a4f9e01f99b90f0157e", size = 440654, upload-time = "2026-01-11T19:47:46.924Z" },
    { url = "https://files.pythonhosted.org/packages/91/fb/1b112af72e5a2b5ac66b5a6a478cc220117224c1481a2b1a35e87222a791/whenever-0.9.5-py3-none-any.whl", hash = "sha256:cc600303e703d57cc42c5db1c81bbc3becb8ef6fde5c46aee5d68c292239fc4b", size = 64873, upload-time = "2026-01-11T19:47:49.585Z" },
]
